// !$*UTF8*$!
{
	archiveVersion = 1;
	classes = {
	};
	objectVersion = 46;
	objects = {

/* Begin PBXBuildFile section */
		3C2E735B1DCBEE7200C2B809 /* ProfileViewController.m in Sources */ = {isa = PBXBuildFile; fileRef = 3C2E735A1DCBEE7200C2B809 /* ProfileViewController.m */; };
		3C2E735D1DCC050400C2B809 /* Settings.bundle in Resources */ = {isa = PBXBuildFile; fileRef = 3C2E735C1DCC050400C2B809 /* Settings.bundle */; };
		3C2E73601DCC05B900C2B809 /* mapViewViewController.m in Sources */ = {isa = PBXBuildFile; fileRef = 3C2E735F1DCC05B900C2B809 /* mapViewViewController.m */; };
		3C2E73651DCC05CC00C2B809 /* PVAttractionAnnotation.m in Sources */ = {isa = PBXBuildFile; fileRef = 3C2E73621DCC05CC00C2B809 /* PVAttractionAnnotation.m */; };
		3C2E73661DCC05CC00C2B809 /* PVAttractionAnnotationView.m in Sources */ = {isa = PBXBuildFile; fileRef = 3C2E73641DCC05CC00C2B809 /* PVAttractionAnnotationView.m */; };
		3C2E736A1DCC3E1A00C2B809 /* addNewFriend.swift in Sources */ = {isa = PBXBuildFile; fileRef = 3C2E73691DCC3E1A00C2B809 /* addNewFriend.swift */; };
		3C2E736C1DCC65BB00C2B809 /* friendRequests.swift in Sources */ = {isa = PBXBuildFile; fileRef = 3C2E736B1DCC65BB00C2B809 /* friendRequests.swift */; };
		3C2E73701DCC6C3500C2B809 /* individualFriendRequest.swift in Sources */ = {isa = PBXBuildFile; fileRef = 3C2E736F1DCC6C3500C2B809 /* individualFriendRequest.swift */; };
		3C2E73721DCD205B00C2B809 /* friendList.swift in Sources */ = {isa = PBXBuildFile; fileRef = 3C2E73711DCD205B00C2B809 /* friendList.swift */; };
		3C2E73741DCD21F400C2B809 /* individualFriend.swift in Sources */ = {isa = PBXBuildFile; fileRef = 3C2E73731DCD21F400C2B809 /* individualFriend.swift */; };
		3C2E73761DCD27FB00C2B809 /* Channel.swift in Sources */ = {isa = PBXBuildFile; fileRef = 3C2E73751DCD27FB00C2B809 /* Channel.swift */; };
		3C2E73781DCD282600C2B809 /* ChatViewController.swift in Sources */ = {isa = PBXBuildFile; fileRef = 3C2E73771DCD282600C2B809 /* ChatViewController.swift */; };
		3C5481771DCE974600376A34 /* cities15000.csv in Resources */ = {isa = PBXBuildFile; fileRef = 3C5481761DCE974600376A34 /* cities15000.csv */; };
		3C5481791DCEAB3200376A34 /* FriendTableViewCell.swift in Sources */ = {isa = PBXBuildFile; fileRef = 3C5481781DCEAB3200376A34 /* FriendTableViewCell.swift */; };
		3C54817B1DCF02B300376A34 /* SwiftAppDelegate.swift in Sources */ = {isa = PBXBuildFile; fileRef = 3C54817A1DCF02B300376A34 /* SwiftAppDelegate.swift */; };
		3C69C1BB1DCB043600898FA7 /* main.m in Sources */ = {isa = PBXBuildFile; fileRef = 3C69C1BA1DCB043600898FA7 /* main.m */; };
		3C69C1C41DCB043600898FA7 /* Main.storyboard in Resources */ = {isa = PBXBuildFile; fileRef = 3C69C1C21DCB043600898FA7 /* Main.storyboard */; };
		3C69C1C61DCB043600898FA7 /* Assets.xcassets in Resources */ = {isa = PBXBuildFile; fileRef = 3C69C1C51DCB043600898FA7 /* Assets.xcassets */; };
		3C69C1C91DCB043600898FA7 /* LaunchScreen.storyboard in Resources */ = {isa = PBXBuildFile; fileRef = 3C69C1C71DCB043600898FA7 /* LaunchScreen.storyboard */; };
		3C69C1D31DCB060900898FA7 /* GoogleService-Info.plist in Resources */ = {isa = PBXBuildFile; fileRef = 3C69C1D21DCB060900898FA7 /* GoogleService-Info.plist */; };
		3C69C1DB1DCB064900898FA7 /* TutViewController.m in Sources */ = {isa = PBXBuildFile; fileRef = 3C69C1D61DCB064900898FA7 /* TutViewController.m */; };
		3C69C1DC1DCB064900898FA7 /* TutPageContentViewController.m in Sources */ = {isa = PBXBuildFile; fileRef = 3C69C1D81DCB064900898FA7 /* TutPageContentViewController.m */; };
		3C69C1DD1DCB064900898FA7 /* SystemStatusViewController.m in Sources */ = {isa = PBXBuildFile; fileRef = 3C69C1DA1DCB064900898FA7 /* SystemStatusViewController.m */; };
		3C69C1E31DCB066500898FA7 /* Constants.m in Sources */ = {isa = PBXBuildFile; fileRef = 3C69C1E01DCB066500898FA7 /* Constants.m */; };
		3C69C1E41DCB066500898FA7 /* Reachability.m in Sources */ = {isa = PBXBuildFile; fileRef = 3C69C1E21DCB066500898FA7 /* Reachability.m */; };
		3C69C1E71DCB069900898FA7 /* AppDelegate.m in Sources */ = {isa = PBXBuildFile; fileRef = 3C69C1E61DCB069900898FA7 /* AppDelegate.m */; };
		3CAA6C201DD5A629009F60FD /* twoLetterCodes.csv in Resources */ = {isa = PBXBuildFile; fileRef = 3CAA6C1F1DD5A629009F60FD /* twoLetterCodes.csv */; };
		3CAA6C221DD5ACBD009F60FD /* editFriendViewController.swift in Sources */ = {isa = PBXBuildFile; fileRef = 3CAA6C211DD5ACBD009F60FD /* editFriendViewController.swift */; };
		CCFDEDF682C01DBB9CECE5D5 /* Pods_squad.framework in Frameworks */ = {isa = PBXBuildFile; fileRef = 04C41F3A2EE6273A48515B5B /* Pods_squad.framework */; };
/* End PBXBuildFile section */

/* Begin PBXFileReference section */
		04C41F3A2EE6273A48515B5B /* Pods_squad.framework */ = {isa = PBXFileReference; explicitFileType = wrapper.framework; includeInIndex = 0; path = Pods_squad.framework; sourceTree = BUILT_PRODUCTS_DIR; };
		2776EF64530B5A5929CB8D67 /* Pods-squad.release.xcconfig */ = {isa = PBXFileReference; includeInIndex = 1; lastKnownFileType = text.xcconfig; name = "Pods-squad.release.xcconfig"; path = "Pods/Target Support Files/Pods-squad/Pods-squad.release.xcconfig"; sourceTree = "<group>"; };
		3C2E73591DCBEE7200C2B809 /* ProfileViewController.h */ = {isa = PBXFileReference; fileEncoding = 4; lastKnownFileType = sourcecode.c.h; path = ProfileViewController.h; sourceTree = "<group>"; };
		3C2E735A1DCBEE7200C2B809 /* ProfileViewController.m */ = {isa = PBXFileReference; fileEncoding = 4; lastKnownFileType = sourcecode.c.objc; path = ProfileViewController.m; sourceTree = "<group>"; };
		3C2E735C1DCC050400C2B809 /* Settings.bundle */ = {isa = PBXFileReference; lastKnownFileType = "wrapper.plug-in"; path = Settings.bundle; sourceTree = "<group>"; };
		3C2E735E1DCC05B900C2B809 /* mapViewViewController.h */ = {isa = PBXFileReference; fileEncoding = 4; lastKnownFileType = sourcecode.c.h; path = mapViewViewController.h; sourceTree = "<group>"; };
		3C2E735F1DCC05B900C2B809 /* mapViewViewController.m */ = {isa = PBXFileReference; fileEncoding = 4; lastKnownFileType = sourcecode.c.objc; path = mapViewViewController.m; sourceTree = "<group>"; };
		3C2E73611DCC05CC00C2B809 /* PVAttractionAnnotation.h */ = {isa = PBXFileReference; fileEncoding = 4; lastKnownFileType = sourcecode.c.h; path = PVAttractionAnnotation.h; sourceTree = "<group>"; };
		3C2E73621DCC05CC00C2B809 /* PVAttractionAnnotation.m */ = {isa = PBXFileReference; fileEncoding = 4; lastKnownFileType = sourcecode.c.objc; path = PVAttractionAnnotation.m; sourceTree = "<group>"; };
		3C2E73631DCC05CC00C2B809 /* PVAttractionAnnotationView.h */ = {isa = PBXFileReference; fileEncoding = 4; lastKnownFileType = sourcecode.c.h; path = PVAttractionAnnotationView.h; sourceTree = "<group>"; };
		3C2E73641DCC05CC00C2B809 /* PVAttractionAnnotationView.m */ = {isa = PBXFileReference; fileEncoding = 4; lastKnownFileType = sourcecode.c.objc; path = PVAttractionAnnotationView.m; sourceTree = "<group>"; };
		3C2E73681DCC3E1A00C2B809 /* squad-Bridging-Header.h */ = {isa = PBXFileReference; lastKnownFileType = sourcecode.c.h; path = "squad-Bridging-Header.h"; sourceTree = "<group>"; };
		3C2E73691DCC3E1A00C2B809 /* addNewFriend.swift */ = {isa = PBXFileReference; fileEncoding = 4; lastKnownFileType = sourcecode.swift; path = addNewFriend.swift; sourceTree = "<group>"; };
		3C2E736B1DCC65BB00C2B809 /* friendRequests.swift */ = {isa = PBXFileReference; fileEncoding = 4; lastKnownFileType = sourcecode.swift; path = friendRequests.swift; sourceTree = "<group>"; };
		3C2E736F1DCC6C3500C2B809 /* individualFriendRequest.swift */ = {isa = PBXFileReference; fileEncoding = 4; lastKnownFileType = sourcecode.swift; path = individualFriendRequest.swift; sourceTree = "<group>"; };
		3C2E73711DCD205B00C2B809 /* friendList.swift */ = {isa = PBXFileReference; fileEncoding = 4; lastKnownFileType = sourcecode.swift; path = friendList.swift; sourceTree = "<group>"; };
		3C2E73731DCD21F400C2B809 /* individualFriend.swift */ = {isa = PBXFileReference; fileEncoding = 4; lastKnownFileType = sourcecode.swift; path = individualFriend.swift; sourceTree = "<group>"; };
		3C2E73751DCD27FB00C2B809 /* Channel.swift */ = {isa = PBXFileReference; fileEncoding = 4; lastKnownFileType = sourcecode.swift; path = Channel.swift; sourceTree = "<group>"; };
		3C2E73771DCD282600C2B809 /* ChatViewController.swift */ = {isa = PBXFileReference; fileEncoding = 4; lastKnownFileType = sourcecode.swift; path = ChatViewController.swift; sourceTree = "<group>"; };
		3C5481761DCE974600376A34 /* cities15000.csv */ = {isa = PBXFileReference; fileEncoding = 4; lastKnownFileType = text; path = cities15000.csv; sourceTree = "<group>"; };
		3C5481781DCEAB3200376A34 /* FriendTableViewCell.swift */ = {isa = PBXFileReference; fileEncoding = 4; lastKnownFileType = sourcecode.swift; path = FriendTableViewCell.swift; sourceTree = "<group>"; };
		3C54817A1DCF02B300376A34 /* SwiftAppDelegate.swift */ = {isa = PBXFileReference; fileEncoding = 4; lastKnownFileType = sourcecode.swift; path = SwiftAppDelegate.swift; sourceTree = "<group>"; };
		3C69C1B61DCB043600898FA7 /* squad.app */ = {isa = PBXFileReference; explicitFileType = wrapper.application; includeInIndex = 0; path = squad.app; sourceTree = BUILT_PRODUCTS_DIR; };
		3C69C1BA1DCB043600898FA7 /* main.m */ = {isa = PBXFileReference; lastKnownFileType = sourcecode.c.objc; path = main.m; sourceTree = "<group>"; };
		3C69C1C31DCB043600898FA7 /* Base */ = {isa = PBXFileReference; lastKnownFileType = file.storyboard; name = Base; path = Base.lproj/Main.storyboard; sourceTree = "<group>"; };
		3C69C1C51DCB043600898FA7 /* Assets.xcassets */ = {isa = PBXFileReference; lastKnownFileType = folder.assetcatalog; path = Assets.xcassets; sourceTree = "<group>"; };
		3C69C1C81DCB043600898FA7 /* Base */ = {isa = PBXFileReference; lastKnownFileType = file.storyboard; name = Base; path = Base.lproj/LaunchScreen.storyboard; sourceTree = "<group>"; };
		3C69C1CA1DCB043600898FA7 /* Info.plist */ = {isa = PBXFileReference; lastKnownFileType = text.plist.xml; path = Info.plist; sourceTree = "<group>"; };
		3C69C1D21DCB060900898FA7 /* GoogleService-Info.plist */ = {isa = PBXFileReference; fileEncoding = 4; lastKnownFileType = text.plist.xml; path = "GoogleService-Info.plist"; sourceTree = "<group>"; };
		3C69C1D41DCB062400898FA7 /* squad.entitlements */ = {isa = PBXFileReference; lastKnownFileType = text.plist.entitlements; path = squad.entitlements; sourceTree = "<group>"; };
		3C69C1D51DCB064900898FA7 /* TutViewController.h */ = {isa = PBXFileReference; fileEncoding = 4; lastKnownFileType = sourcecode.c.h; path = TutViewController.h; sourceTree = "<group>"; };
		3C69C1D61DCB064900898FA7 /* TutViewController.m */ = {isa = PBXFileReference; fileEncoding = 4; lastKnownFileType = sourcecode.c.objc; path = TutViewController.m; sourceTree = "<group>"; };
		3C69C1D71DCB064900898FA7 /* TutPageContentViewController.h */ = {isa = PBXFileReference; fileEncoding = 4; lastKnownFileType = sourcecode.c.h; path = TutPageContentViewController.h; sourceTree = "<group>"; };
		3C69C1D81DCB064900898FA7 /* TutPageContentViewController.m */ = {isa = PBXFileReference; fileEncoding = 4; lastKnownFileType = sourcecode.c.objc; path = TutPageContentViewController.m; sourceTree = "<group>"; };
		3C69C1D91DCB064900898FA7 /* SystemStatusViewController.h */ = {isa = PBXFileReference; fileEncoding = 4; lastKnownFileType = sourcecode.c.h; path = SystemStatusViewController.h; sourceTree = "<group>"; };
		3C69C1DA1DCB064900898FA7 /* SystemStatusViewController.m */ = {isa = PBXFileReference; fileEncoding = 4; lastKnownFileType = sourcecode.c.objc; path = SystemStatusViewController.m; sourceTree = "<group>"; };
		3C69C1DF1DCB066500898FA7 /* Constants.h */ = {isa = PBXFileReference; fileEncoding = 4; lastKnownFileType = sourcecode.c.h; path = Constants.h; sourceTree = "<group>"; };
		3C69C1E01DCB066500898FA7 /* Constants.m */ = {isa = PBXFileReference; fileEncoding = 4; lastKnownFileType = sourcecode.c.objc; path = Constants.m; sourceTree = "<group>"; };
		3C69C1E11DCB066500898FA7 /* Reachability.h */ = {isa = PBXFileReference; fileEncoding = 4; lastKnownFileType = sourcecode.c.h; path = Reachability.h; sourceTree = "<group>"; };
		3C69C1E21DCB066500898FA7 /* Reachability.m */ = {isa = PBXFileReference; fileEncoding = 4; lastKnownFileType = sourcecode.c.objc; path = Reachability.m; sourceTree = "<group>"; };
		3C69C1E51DCB069900898FA7 /* AppDelegate.h */ = {isa = PBXFileReference; fileEncoding = 4; lastKnownFileType = sourcecode.c.h; path = AppDelegate.h; sourceTree = "<group>"; };
		3C69C1E61DCB069900898FA7 /* AppDelegate.m */ = {isa = PBXFileReference; fileEncoding = 4; lastKnownFileType = sourcecode.c.objc; path = AppDelegate.m; sourceTree = "<group>"; };
		3CAA6C1F1DD5A629009F60FD /* twoLetterCodes.csv */ = {isa = PBXFileReference; fileEncoding = 4; lastKnownFileType = text; path = twoLetterCodes.csv; sourceTree = "<group>"; };
		3CAA6C211DD5ACBD009F60FD /* editFriendViewController.swift */ = {isa = PBXFileReference; fileEncoding = 4; lastKnownFileType = sourcecode.swift; path = editFriendViewController.swift; sourceTree = "<group>"; };
		CFC32D901BEF4461B0536149 /* Pods.framework */ = {isa = PBXFileReference; explicitFileType = wrapper.framework; includeInIndex = 0; path = Pods.framework; sourceTree = BUILT_PRODUCTS_DIR; };
		E3C39D02DB002BDBF3D8D496 /* Pods-squad.debug.xcconfig */ = {isa = PBXFileReference; includeInIndex = 1; lastKnownFileType = text.xcconfig; name = "Pods-squad.debug.xcconfig"; path = "Pods/Target Support Files/Pods-squad/Pods-squad.debug.xcconfig"; sourceTree = "<group>"; };
/* End PBXFileReference section */

/* Begin PBXFrameworksBuildPhase section */
		3C69C1B31DCB043600898FA7 /* Frameworks */ = {
			isa = PBXFrameworksBuildPhase;
			buildActionMask = 2147483647;
			files = (
				CCFDEDF682C01DBB9CECE5D5 /* Pods_squad.framework in Frameworks */,
			);
			runOnlyForDeploymentPostprocessing = 0;
		};
/* End PBXFrameworksBuildPhase section */

/* Begin PBXGroup section */
		3C2E73671DCC05D100C2B809 /* Map Aux */ = {
			isa = PBXGroup;
			children = (
				3C2E73611DCC05CC00C2B809 /* PVAttractionAnnotation.h */,
				3C2E73621DCC05CC00C2B809 /* PVAttractionAnnotation.m */,
				3C2E73631DCC05CC00C2B809 /* PVAttractionAnnotationView.h */,
				3C2E73641DCC05CC00C2B809 /* PVAttractionAnnotationView.m */,
			);
			name = "Map Aux";
			sourceTree = "<group>";
		};
		3C69C1AD1DCB043600898FA7 = {
			isa = PBXGroup;
			children = (
				3C69C1B81DCB043600898FA7 /* squad */,
				3C69C1B71DCB043600898FA7 /* Products */,
				4E317496AAA3318DAFB0F365 /* Pods */,
				FE1A8CAD4D0F88377C53499C /* Frameworks */,
			);
			sourceTree = "<group>";
		};
		3C69C1B71DCB043600898FA7 /* Products */ = {
			isa = PBXGroup;
			children = (
				3C69C1B61DCB043600898FA7 /* squad.app */,
			);
			name = Products;
			sourceTree = "<group>";
		};
		3C69C1B81DCB043600898FA7 /* squad */ = {
			isa = PBXGroup;
			children = (
				3C69C1D41DCB062400898FA7 /* squad.entitlements */,
				3C2E73751DCD27FB00C2B809 /* Channel.swift */,
				3C2E73771DCD282600C2B809 /* ChatViewController.swift */,
				3C5481761DCE974600376A34 /* cities15000.csv */,
				3CAA6C1F1DD5A629009F60FD /* twoLetterCodes.csv */,
				3C69C1E51DCB069900898FA7 /* AppDelegate.h */,
				3C69C1E61DCB069900898FA7 /* AppDelegate.m */,
				3C54817A1DCF02B300376A34 /* SwiftAppDelegate.swift */,
				3C2E735E1DCC05B900C2B809 /* mapViewViewController.h */,
				3C2E735F1DCC05B900C2B809 /* mapViewViewController.m */,
				3C2E73711DCD205B00C2B809 /* friendList.swift */,
				3C5481781DCEAB3200376A34 /* FriendTableViewCell.swift */,
				3C2E73731DCD21F400C2B809 /* individualFriend.swift */,
				3C2E73691DCC3E1A00C2B809 /* addNewFriend.swift */,
				3C2E736B1DCC65BB00C2B809 /* friendRequests.swift */,
				3C2E736F1DCC6C3500C2B809 /* individualFriendRequest.swift */,
				3CAA6C211DD5ACBD009F60FD /* editFriendViewController.swift */,
				3C2E73591DCBEE7200C2B809 /* ProfileViewController.h */,
				3C2E735A1DCBEE7200C2B809 /* ProfileViewController.m */,
				3C69C1C51DCB043600898FA7 /* Assets.xcassets */,
				3C69C1C21DCB043600898FA7 /* Main.storyboard */,
				3C69C1C71DCB043600898FA7 /* LaunchScreen.storyboard */,
				3C69C1DF1DCB066500898FA7 /* Constants.h */,
				3C69C1E01DCB066500898FA7 /* Constants.m */,
				3C69C1E11DCB066500898FA7 /* Reachability.h */,
				3C69C1E21DCB066500898FA7 /* Reachability.m */,
				3C2E73671DCC05D100C2B809 /* Map Aux */,
				3C69C1DE1DCB065500898FA7 /* Tutorial */,
				3C69C1D21DCB060900898FA7 /* GoogleService-Info.plist */,
				3C69C1CA1DCB043600898FA7 /* Info.plist */,
				3C69C1B91DCB043600898FA7 /* Supporting Files */,
				3C2E73681DCC3E1A00C2B809 /* squad-Bridging-Header.h */,
			);
			path = squad;
			sourceTree = "<group>";
		};
		3C69C1B91DCB043600898FA7 /* Supporting Files */ = {
			isa = PBXGroup;
			children = (
				3C2E735C1DCC050400C2B809 /* Settings.bundle */,
				3C69C1BA1DCB043600898FA7 /* main.m */,
			);
			name = "Supporting Files";
			sourceTree = "<group>";
		};
		3C69C1DE1DCB065500898FA7 /* Tutorial */ = {
			isa = PBXGroup;
			children = (
				3C69C1D51DCB064900898FA7 /* TutViewController.h */,
				3C69C1D61DCB064900898FA7 /* TutViewController.m */,
				3C69C1D71DCB064900898FA7 /* TutPageContentViewController.h */,
				3C69C1D81DCB064900898FA7 /* TutPageContentViewController.m */,
				3C69C1D91DCB064900898FA7 /* SystemStatusViewController.h */,
				3C69C1DA1DCB064900898FA7 /* SystemStatusViewController.m */,
			);
			name = Tutorial;
			sourceTree = "<group>";
		};
		4E317496AAA3318DAFB0F365 /* Pods */ = {
			isa = PBXGroup;
			children = (
				E3C39D02DB002BDBF3D8D496 /* Pods-squad.debug.xcconfig */,
				2776EF64530B5A5929CB8D67 /* Pods-squad.release.xcconfig */,
			);
			name = Pods;
			sourceTree = "<group>";
		};
		FE1A8CAD4D0F88377C53499C /* Frameworks */ = {
			isa = PBXGroup;
			children = (
				CFC32D901BEF4461B0536149 /* Pods.framework */,
				04C41F3A2EE6273A48515B5B /* Pods_squad.framework */,
			);
			name = Frameworks;
			sourceTree = "<group>";
		};
/* End PBXGroup section */

/* Begin PBXNativeTarget section */
		3C69C1B51DCB043600898FA7 /* squad */ = {
			isa = PBXNativeTarget;
			buildConfigurationList = 3C69C1CD1DCB043600898FA7 /* Build configuration list for PBXNativeTarget "squad" */;
			buildPhases = (
				8289007BCC7DE456E9428D6E /* Check Pods Manifest.lock */,
				F9596315A81CB982D44D5B66 /* [CP] Check Pods Manifest.lock */,
				3C69C1B21DCB043600898FA7 /* Sources */,
				3C69C1B31DCB043600898FA7 /* Frameworks */,
				3C69C1B41DCB043600898FA7 /* Resources */,
				3C69C1EC1DCB0EB500898FA7 /* ShellScript */,
				3C69C1ED1DCB113D00898FA7 /* ShellScript */,
				BB485298C0E3EA3500F834EE /* [CP] Embed Pods Frameworks */,
				F58546C593DCD0A7353C6F9E /* [CP] Copy Pods Resources */,
				A5CB297375F93BFF04985D98 /* Embed Pods Frameworks */,
				14AEAAB76ACCCA86D2A5269A /* Copy Pods Resources */,
			);
			buildRules = (
			);
			dependencies = (
			);
			name = squad;
			productName = squad;
			productReference = 3C69C1B61DCB043600898FA7 /* squad.app */;
			productType = "com.apple.product-type.application";
		};
/* End PBXNativeTarget section */

/* Begin PBXProject section */
		3C69C1AE1DCB043600898FA7 /* Project object */ = {
			isa = PBXProject;
			attributes = {
				LastUpgradeCheck = 0800;
				ORGANIZATIONNAME = "KKIT Creations";
				TargetAttributes = {
					3C69C1B51DCB043600898FA7 = {
						CreatedOnToolsVersion = 8.0;
						DevelopmentTeam = 79DFX3SWE8;
						LastSwiftMigration = 0800;
						ProvisioningStyle = Automatic;
						SystemCapabilities = {
							com.apple.BackgroundModes = {
								enabled = 1;
							};
							com.apple.Keychain = {
								enabled = 1;
							};
							com.apple.Push = {
								enabled = 1;
							};
						};
					};
				};
			};
			buildConfigurationList = 3C69C1B11DCB043600898FA7 /* Build configuration list for PBXProject "squad" */;
			compatibilityVersion = "Xcode 3.2";
			developmentRegion = English;
			hasScannedForEncodings = 0;
			knownRegions = (
				en,
				Base,
			);
			mainGroup = 3C69C1AD1DCB043600898FA7;
			productRefGroup = 3C69C1B71DCB043600898FA7 /* Products */;
			projectDirPath = "";
			projectRoot = "";
			targets = (
				3C69C1B51DCB043600898FA7 /* squad */,
			);
		};
/* End PBXProject section */

/* Begin PBXResourcesBuildPhase section */
		3C69C1B41DCB043600898FA7 /* Resources */ = {
			isa = PBXResourcesBuildPhase;
			buildActionMask = 2147483647;
			files = (
				3C5481771DCE974600376A34 /* cities15000.csv in Resources */,
				3C69C1C91DCB043600898FA7 /* LaunchScreen.storyboard in Resources */,
				3C69C1D31DCB060900898FA7 /* GoogleService-Info.plist in Resources */,
				3C2E735D1DCC050400C2B809 /* Settings.bundle in Resources */,
				3C69C1C61DCB043600898FA7 /* Assets.xcassets in Resources */,
				3C69C1C41DCB043600898FA7 /* Main.storyboard in Resources */,
				3CAA6C201DD5A629009F60FD /* twoLetterCodes.csv in Resources */,
			);
			runOnlyForDeploymentPostprocessing = 0;
		};
/* End PBXResourcesBuildPhase section */

/* Begin PBXShellScriptBuildPhase section */
		14AEAAB76ACCCA86D2A5269A /* Copy Pods Resources */ = {
			isa = PBXShellScriptBuildPhase;
			buildActionMask = 2147483647;
			files = (
			);
			inputPaths = (
			);
			name = "Copy Pods Resources";
			outputPaths = (
			);
			runOnlyForDeploymentPostprocessing = 0;
			shellPath = /bin/sh;
			shellScript = "\"${SRCROOT}/Pods/Target Support Files/Pods-squad/Pods-squad-resources.sh\"\n";
			showEnvVarsInLog = 0;
		};
		3C69C1EC1DCB0EB500898FA7 /* ShellScript */ = {
			isa = PBXShellScriptBuildPhase;
			buildActionMask = 2147483647;
			files = (
			);
			inputPaths = (
			);
			outputPaths = (
			);
			runOnlyForDeploymentPostprocessing = 0;
			shellPath = /bin/sh;
			shellScript = "\"${PODS_ROOT}/Fabric/run\" 5a7fcaab4e8a02b006a96526cf41d6d543ddd19c 5f57d26a084fae0a22a8aa4a6a7ea1668821d1263ecb63bac4f2c27735d17496";
		};
		3C69C1ED1DCB113D00898FA7 /* ShellScript */ = {
			isa = PBXShellScriptBuildPhase;
			buildActionMask = 2147483647;
			files = (
			);
			inputPaths = (
			);
			outputPaths = (
			);
			runOnlyForDeploymentPostprocessing = 0;
			shellPath = /bin/sh;
			shellScript = "# Auto Increment Version Script\nbuildPlist=${INFOPLIST_FILE}\nCFBuildNumber=$(/usr/libexec/PlistBuddy -c \"Print CFBuildNumber\" $buildPlist)\nCFBuildNumber=$(($CFBuildNumber + 1))\n/usr/libexec/PlistBuddy -c \"Set :CFBuildNumber $CFBuildNumber\" $buildPlist\nCFBuildDate=$(date)\n/usr/libexec/PlistBuddy -c \"Set :CFBuildDate $CFBuildDate\" $buildPlist";
		};
		8289007BCC7DE456E9428D6E /* Check Pods Manifest.lock */ = {
			isa = PBXShellScriptBuildPhase;
			buildActionMask = 2147483647;
			files = (
			);
			inputPaths = (
			);
			name = "Check Pods Manifest.lock";
			outputPaths = (
			);
			runOnlyForDeploymentPostprocessing = 0;
			shellPath = /bin/sh;
			shellScript = "diff \"${PODS_ROOT}/../Podfile.lock\" \"${PODS_ROOT}/Manifest.lock\" > /dev/null\nif [[ $? != 0 ]] ; then\n    cat << EOM\nerror: The sandbox is not in sync with the Podfile.lock. Run 'pod install' or update your CocoaPods installation.\nEOM\n    exit 1\nfi\n";
			showEnvVarsInLog = 0;
		};
		A5CB297375F93BFF04985D98 /* Embed Pods Frameworks */ = {
			isa = PBXShellScriptBuildPhase;
			buildActionMask = 2147483647;
			files = (
			);
			inputPaths = (
			);
			name = "Embed Pods Frameworks";
			outputPaths = (
			);
			runOnlyForDeploymentPostprocessing = 0;
			shellPath = /bin/sh;
			shellScript = "\"${SRCROOT}/Pods/Target Support Files/Pods-squad/Pods-squad-frameworks.sh\"\n";
			showEnvVarsInLog = 0;
		};
		BB485298C0E3EA3500F834EE /* [CP] Embed Pods Frameworks */ = {
			isa = PBXShellScriptBuildPhase;
			buildActionMask = 2147483647;
			files = (
			);
			inputPaths = (
			);
			name = "[CP] Embed Pods Frameworks";
			outputPaths = (
			);
			runOnlyForDeploymentPostprocessing = 0;
			shellPath = /bin/sh;
			shellScript = "\"${SRCROOT}/Pods/Target Support Files/Pods-squad/Pods-squad-frameworks.sh\"\n";
			showEnvVarsInLog = 0;
		};
		F58546C593DCD0A7353C6F9E /* [CP] Copy Pods Resources */ = {
			isa = PBXShellScriptBuildPhase;
			buildActionMask = 2147483647;
			files = (
			);
			inputPaths = (
			);
			name = "[CP] Copy Pods Resources";
			outputPaths = (
			);
			runOnlyForDeploymentPostprocessing = 0;
			shellPath = /bin/sh;
			shellScript = "\"${SRCROOT}/Pods/Target Support Files/Pods-squad/Pods-squad-resources.sh\"\n";
			showEnvVarsInLog = 0;
		};
		F9596315A81CB982D44D5B66 /* [CP] Check Pods Manifest.lock */ = {
			isa = PBXShellScriptBuildPhase;
			buildActionMask = 2147483647;
			files = (
			);
			inputPaths = (
			);
			name = "[CP] Check Pods Manifest.lock";
			outputPaths = (
			);
			runOnlyForDeploymentPostprocessing = 0;
			shellPath = /bin/sh;
			shellScript = "diff \"${PODS_ROOT}/../Podfile.lock\" \"${PODS_ROOT}/Manifest.lock\" > /dev/null\nif [ $? != 0 ] ; then\n    # print error to STDERR\n    echo \"error: The sandbox is not in sync with the Podfile.lock. Run 'pod install' or update your CocoaPods installation.\" >&2\n    exit 1\nfi\n";
			showEnvVarsInLog = 0;
		};
/* End PBXShellScriptBuildPhase section */

/* Begin PBXSourcesBuildPhase section */
		3C69C1B21DCB043600898FA7 /* Sources */ = {
			isa = PBXSourcesBuildPhase;
			buildActionMask = 2147483647;
			files = (
				3C2E73661DCC05CC00C2B809 /* PVAttractionAnnotationView.m in Sources */,
				3C2E73601DCC05B900C2B809 /* mapViewViewController.m in Sources */,
				3C2E73741DCD21F400C2B809 /* individualFriend.swift in Sources */,
				3C2E735B1DCBEE7200C2B809 /* ProfileViewController.m in Sources */,
				3C2E73761DCD27FB00C2B809 /* Channel.swift in Sources */,
				3C2E736C1DCC65BB00C2B809 /* friendRequests.swift in Sources */,
				3C54817B1DCF02B300376A34 /* SwiftAppDelegate.swift in Sources */,
				3C69C1E41DCB066500898FA7 /* Reachability.m in Sources */,
				3C69C1DB1DCB064900898FA7 /* TutViewController.m in Sources */,
				3C2E73721DCD205B00C2B809 /* friendList.swift in Sources */,
				3C2E73701DCC6C3500C2B809 /* individualFriendRequest.swift in Sources */,
				3C69C1BB1DCB043600898FA7 /* main.m in Sources */,
				3C2E73651DCC05CC00C2B809 /* PVAttractionAnnotation.m in Sources */,
				3C69C1E71DCB069900898FA7 /* AppDelegate.m in Sources */,
				3CAA6C221DD5ACBD009F60FD /* editFriendViewController.swift in Sources */,
				3C69C1DC1DCB064900898FA7 /* TutPageContentViewController.m in Sources */,
				3C69C1E31DCB066500898FA7 /* Constants.m in Sources */,
				3C69C1DD1DCB064900898FA7 /* SystemStatusViewController.m in Sources */,
				3C2E73781DCD282600C2B809 /* ChatViewController.swift in Sources */,
				3C5481791DCEAB3200376A34 /* FriendTableViewCell.swift in Sources */,
				3C2E736A1DCC3E1A00C2B809 /* addNewFriend.swift in Sources */,
			);
			runOnlyForDeploymentPostprocessing = 0;
		};
/* End PBXSourcesBuildPhase section */

/* Begin PBXVariantGroup section */
		3C69C1C21DCB043600898FA7 /* Main.storyboard */ = {
			isa = PBXVariantGroup;
			children = (
				3C69C1C31DCB043600898FA7 /* Base */,
			);
			name = Main.storyboard;
			sourceTree = "<group>";
		};
		3C69C1C71DCB043600898FA7 /* LaunchScreen.storyboard */ = {
			isa = PBXVariantGroup;
			children = (
				3C69C1C81DCB043600898FA7 /* Base */,
			);
			name = LaunchScreen.storyboard;
			sourceTree = "<group>";
		};
/* End PBXVariantGroup section */

/* Begin XCBuildConfiguration section */
		3C69C1CB1DCB043600898FA7 /* Debug */ = {
			isa = XCBuildConfiguration;
			buildSettings = {
				ALWAYS_SEARCH_USER_PATHS = NO;
				CLANG_ANALYZER_NONNULL = YES;
				CLANG_CXX_LANGUAGE_STANDARD = "gnu++0x";
				CLANG_CXX_LIBRARY = "libc++";
				CLANG_ENABLE_MODULES = YES;
				CLANG_ENABLE_OBJC_ARC = YES;
				CLANG_WARN_BOOL_CONVERSION = YES;
				CLANG_WARN_CONSTANT_CONVERSION = YES;
				CLANG_WARN_DIRECT_OBJC_ISA_USAGE = YES_ERROR;
				CLANG_WARN_DOCUMENTATION_COMMENTS = YES;
				CLANG_WARN_EMPTY_BODY = YES;
				CLANG_WARN_ENUM_CONVERSION = YES;
				CLANG_WARN_INFINITE_RECURSION = YES;
				CLANG_WARN_INT_CONVERSION = YES;
				CLANG_WARN_OBJC_ROOT_CLASS = YES_ERROR;
				CLANG_WARN_SUSPICIOUS_MOVE = YES;
				CLANG_WARN_SUSPICIOUS_MOVES = YES;
				CLANG_WARN_UNREACHABLE_CODE = YES;
				CLANG_WARN__DUPLICATE_METHOD_MATCH = YES;
				CODE_SIGN_IDENTITY = "iPhone Distribution: KKIT Creations LLC (79DFX3SWE8)";
				"CODE_SIGN_IDENTITY[sdk=iphoneos*]" = "iPhone Distribution: KKIT Creations LLC (79DFX3SWE8)";
				COPY_PHASE_STRIP = NO;
				DEBUG_INFORMATION_FORMAT = dwarf;
				ENABLE_STRICT_OBJC_MSGSEND = YES;
				ENABLE_TESTABILITY = YES;
				GCC_C_LANGUAGE_STANDARD = gnu99;
				GCC_DYNAMIC_NO_PIC = NO;
				GCC_NO_COMMON_BLOCKS = YES;
				GCC_OPTIMIZATION_LEVEL = 0;
				GCC_PREPROCESSOR_DEFINITIONS = (
					"DEBUG=1",
					"$(inherited)",
				);
				GCC_WARN_64_TO_32_BIT_CONVERSION = YES;
				GCC_WARN_ABOUT_RETURN_TYPE = YES_ERROR;
				GCC_WARN_UNDECLARED_SELECTOR = YES;
				GCC_WARN_UNINITIALIZED_AUTOS = YES_AGGRESSIVE;
				GCC_WARN_UNUSED_FUNCTION = YES;
				GCC_WARN_UNUSED_VARIABLE = YES;
				IPHONEOS_DEPLOYMENT_TARGET = 10.0;
				MTL_ENABLE_DEBUG_INFO = YES;
				ONLY_ACTIVE_ARCH = YES;
				SDKROOT = iphoneos;
				TARGETED_DEVICE_FAMILY = "1,2";
			};
			name = Debug;
		};
		3C69C1CC1DCB043600898FA7 /* Release */ = {
			isa = XCBuildConfiguration;
			buildSettings = {
				ALWAYS_SEARCH_USER_PATHS = NO;
				CLANG_ANALYZER_NONNULL = YES;
				CLANG_CXX_LANGUAGE_STANDARD = "gnu++0x";
				CLANG_CXX_LIBRARY = "libc++";
				CLANG_ENABLE_MODULES = YES;
				CLANG_ENABLE_OBJC_ARC = YES;
				CLANG_WARN_BOOL_CONVERSION = YES;
				CLANG_WARN_CONSTANT_CONVERSION = YES;
				CLANG_WARN_DIRECT_OBJC_ISA_USAGE = YES_ERROR;
				CLANG_WARN_DOCUMENTATION_COMMENTS = YES;
				CLANG_WARN_EMPTY_BODY = YES;
				CLANG_WARN_ENUM_CONVERSION = YES;
				CLANG_WARN_INFINITE_RECURSION = YES;
				CLANG_WARN_INT_CONVERSION = YES;
				CLANG_WARN_OBJC_ROOT_CLASS = YES_ERROR;
				CLANG_WARN_SUSPICIOUS_MOVE = YES;
				CLANG_WARN_SUSPICIOUS_MOVES = YES;
				CLANG_WARN_UNREACHABLE_CODE = YES;
				CLANG_WARN__DUPLICATE_METHOD_MATCH = YES;
				CODE_SIGN_IDENTITY = "iPhone Distribution: KKIT Creations LLC (79DFX3SWE8)";
				"CODE_SIGN_IDENTITY[sdk=iphoneos*]" = "iPhone Distribution: KKIT Creations LLC (79DFX3SWE8)";
				COPY_PHASE_STRIP = NO;
				DEBUG_INFORMATION_FORMAT = "dwarf-with-dsym";
				ENABLE_NS_ASSERTIONS = NO;
				ENABLE_STRICT_OBJC_MSGSEND = YES;
				GCC_C_LANGUAGE_STANDARD = gnu99;
				GCC_NO_COMMON_BLOCKS = YES;
				GCC_WARN_64_TO_32_BIT_CONVERSION = YES;
				GCC_WARN_ABOUT_RETURN_TYPE = YES_ERROR;
				GCC_WARN_UNDECLARED_SELECTOR = YES;
				GCC_WARN_UNINITIALIZED_AUTOS = YES_AGGRESSIVE;
				GCC_WARN_UNUSED_FUNCTION = YES;
				GCC_WARN_UNUSED_VARIABLE = YES;
				IPHONEOS_DEPLOYMENT_TARGET = 10.0;
				MTL_ENABLE_DEBUG_INFO = NO;
				SDKROOT = iphoneos;
				SWIFT_OPTIMIZATION_LEVEL = "-Owholemodule";
				TARGETED_DEVICE_FAMILY = "1,2";
				VALIDATE_PRODUCT = YES;
			};
			name = Release;
		};
		3C69C1CE1DCB043600898FA7 /* Debug */ = {
			isa = XCBuildConfiguration;
			baseConfigurationReference = E3C39D02DB002BDBF3D8D496 /* Pods-squad.debug.xcconfig */;
			buildSettings = {
				ASSETCATALOG_COMPILER_APPICON_NAME = AppIcon;
				CLANG_ENABLE_MODULES = YES;
				CODE_SIGN_ENTITLEMENTS = squad/squad.entitlements;
				"CODE_SIGN_IDENTITY[sdk=iphoneos*]" = "iPhone Developer";
				DEVELOPMENT_TEAM = "";
				INFOPLIST_FILE = squad/Info.plist;
				IPHONEOS_DEPLOYMENT_TARGET = 9.0;
				LD_RUNPATH_SEARCH_PATHS = "$(inherited) @executable_path/Frameworks";
				PRODUCT_BUNDLE_IDENTIFIER = com.kkitcreations.squad;
				PRODUCT_NAME = "$(TARGET_NAME)";
				PROVISIONING_PROFILE = "";
				PROVISIONING_PROFILE_SPECIFIER = "";
				SWIFT_OBJC_BRIDGING_HEADER = "squad/squad-Bridging-Header.h";
				SWIFT_OPTIMIZATION_LEVEL = "-Onone";
				SWIFT_VERSION = 3.0;
			};
			name = Debug;
		};
		3C69C1CF1DCB043600898FA7 /* Release */ = {
			isa = XCBuildConfiguration;
			baseConfigurationReference = 2776EF64530B5A5929CB8D67 /* Pods-squad.release.xcconfig */;
			buildSettings = {
				ASSETCATALOG_COMPILER_APPICON_NAME = AppIcon;
				CLANG_ENABLE_MODULES = YES;
				CODE_SIGN_ENTITLEMENTS = squad/squad.entitlements;
				"CODE_SIGN_IDENTITY[sdk=iphoneos*]" = "iPhone Developer";
				DEVELOPMENT_TEAM = "";
				INFOPLIST_FILE = squad/Info.plist;
				IPHONEOS_DEPLOYMENT_TARGET = 9.0;
				LD_RUNPATH_SEARCH_PATHS = "$(inherited) @executable_path/Frameworks";
				PRODUCT_BUNDLE_IDENTIFIER = com.kkitcreations.squad;
				PRODUCT_NAME = "$(TARGET_NAME)";
				PROVISIONING_PROFILE = "";
				PROVISIONING_PROFILE_SPECIFIER = "";
				SWIFT_OBJC_BRIDGING_HEADER = "squad/squad-Bridging-Header.h";
				SWIFT_VERSION = 3.0;
			};
			name = Release;
		};
/* End XCBuildConfiguration section */

/* Begin XCConfigurationList section */
		3C69C1B11DCB043600898FA7 /* Build configuration list for PBXProject "squad" */ = {
			isa = XCConfigurationList;
			buildConfigurations = (
				3C69C1CB1DCB043600898FA7 /* Debug */,
				3C69C1CC1DCB043600898FA7 /* Release */,
			);
			defaultConfigurationIsVisible = 0;
			defaultConfigurationName = Release;
		};
		3C69C1CD1DCB043600898FA7 /* Build configuration list for PBXNativeTarget "squad" */ = {
			isa = XCConfigurationList;
			buildConfigurations = (
				3C69C1CE1DCB043600898FA7 /* Debug */,
				3C69C1CF1DCB043600898FA7 /* Release */,
			);
			defaultConfigurationIsVisible = 0;
			defaultConfigurationName = Release;
		};
/* End XCConfigurationList section */
	};
	rootObject = 3C69C1AE1DCB043600898FA7 /* Project object */;
}
